// !$*UTF8*$!
{
	archiveVersion = 1;
	classes = {
	};
	objectVersion = 56;
	objects = {

/* Begin PBXBuildFile section */
		673BD6B32BEBDF2F00A6D002 /* AppDelegate.swift in Sources */ = {isa = PBXBuildFile; fileRef = 673BD6B22BEBDF2F00A6D002 /* AppDelegate.swift */; };
		673BD6B52BEBDF2F00A6D002 /* SceneDelegate.swift in Sources */ = {isa = PBXBuildFile; fileRef = 673BD6B42BEBDF2F00A6D002 /* SceneDelegate.swift */; };
		673BD6B72BEBDF2F00A6D002 /* ViewController.swift in Sources */ = {isa = PBXBuildFile; fileRef = 673BD6B62BEBDF2F00A6D002 /* ViewController.swift */; };
		673BD6BC2BEBDF2F00A6D002 /* Assets.xcassets in Resources */ = {isa = PBXBuildFile; fileRef = 673BD6BB2BEBDF2F00A6D002 /* Assets.xcassets */; };
		673BD6BF2BEBDF2F00A6D002 /* Base in Resources */ = {isa = PBXBuildFile; fileRef = 673BD6BE2BEBDF2F00A6D002 /* Base */; };
		673BD6CA2BEBDF3000A6D002 /* YBSAppTests.swift in Sources */ = {isa = PBXBuildFile; fileRef = 673BD6C92BEBDF3000A6D002 /* YBSAppTests.swift */; };
		673BD6D42BEBDF3000A6D002 /* YBSAppUITests.swift in Sources */ = {isa = PBXBuildFile; fileRef = 673BD6D32BEBDF3000A6D002 /* YBSAppUITests.swift */; };
		673BD6D62BEBDF3000A6D002 /* YBSAppUITestsLaunchTests.swift in Sources */ = {isa = PBXBuildFile; fileRef = 673BD6D52BEBDF3000A6D002 /* YBSAppUITestsLaunchTests.swift */; };
		673BD6E42BEBE73100A6D002 /* NetworkManager.swift in Sources */ = {isa = PBXBuildFile; fileRef = 673BD6E32BEBE73100A6D002 /* NetworkManager.swift */; };
		673BD6E72BEBE7D000A6D002 /* Constants.swift in Sources */ = {isa = PBXBuildFile; fileRef = 673BD6E62BEBE7D000A6D002 /* Constants.swift */; };
		673BD6E92BEBE7F800A6D002 /* YBSError.swift in Sources */ = {isa = PBXBuildFile; fileRef = 673BD6E82BEBE7F800A6D002 /* YBSError.swift */; };
		673BD6ED2BEBEE3400A6D002 /* FlickrSearchResults.swift in Sources */ = {isa = PBXBuildFile; fileRef = 673BD6EC2BEBEE3400A6D002 /* FlickrSearchResults.swift */; };
		673BD6EF2BEBEE7C00A6D002 /* FlickrPhoto.swift in Sources */ = {isa = PBXBuildFile; fileRef = 673BD6EE2BEBEE7C00A6D002 /* FlickrPhoto.swift */; };
		673BD6F12BEBEEAA00A6D002 /* Photos.swift in Sources */ = {isa = PBXBuildFile; fileRef = 673BD6F02BEBEEAA00A6D002 /* Photos.swift */; };
		673BD6F32BED684F00A6D002 /* FlickrUserProfile.swift in Sources */ = {isa = PBXBuildFile; fileRef = 673BD6F22BED684F00A6D002 /* FlickrUserProfile.swift */; };
		673BD6F92BEE9A5F00A6D002 /* YBSCollectionView.swift in Sources */ = {isa = PBXBuildFile; fileRef = 673BD6F82BEE9A5F00A6D002 /* YBSCollectionView.swift */; };
		673BD6FB2BEE9AFF00A6D002 /* AppLayout.swift in Sources */ = {isa = PBXBuildFile; fileRef = 673BD6FA2BEE9AFF00A6D002 /* AppLayout.swift */; };
		673BD6FF2BEEB81700A6D002 /* YBSCollectionViewCell.swift in Sources */ = {isa = PBXBuildFile; fileRef = 673BD6FE2BEEB81700A6D002 /* YBSCollectionViewCell.swift */; };
		673BD7022BEEB86500A6D002 /* YBSImageView.swift in Sources */ = {isa = PBXBuildFile; fileRef = 673BD7012BEEB86500A6D002 /* YBSImageView.swift */; };
		673BD7052BEEBD5100A6D002 /* YBSTitleLabel.swift in Sources */ = {isa = PBXBuildFile; fileRef = 673BD7042BEEBD5100A6D002 /* YBSTitleLabel.swift */; };
		673BD7082BEECBD500A6D002 /* YBSLoadingAnimationVC.swift in Sources */ = {isa = PBXBuildFile; fileRef = 673BD7072BEECBD500A6D002 /* YBSLoadingAnimationVC.swift */; };
		673BD70B2BEECF9900A6D002 /* YBSContainerView.swift in Sources */ = {isa = PBXBuildFile; fileRef = 673BD70A2BEECF9900A6D002 /* YBSContainerView.swift */; };
		673BD70E2BEECFE800A6D002 /* YBSAlertControllerVC.swift in Sources */ = {isa = PBXBuildFile; fileRef = 673BD70D2BEECFE800A6D002 /* YBSAlertControllerVC.swift */; };
		673BD7102BEED01700A6D002 /* YBSBodyLabel.swift in Sources */ = {isa = PBXBuildFile; fileRef = 673BD70F2BEED01700A6D002 /* YBSBodyLabel.swift */; };
		673BD7132BEED1B900A6D002 /* YBSButton.swift in Sources */ = {isa = PBXBuildFile; fileRef = 673BD7122BEED1B900A6D002 /* YBSButton.swift */; };
		673BD7162BEED70E00A6D002 /* UIView+Ext.swift in Sources */ = {isa = PBXBuildFile; fileRef = 673BD7152BEED70E00A6D002 /* UIView+Ext.swift */; };
		673BD7182BEED96100A6D002 /* UIViewController+Ext.swift in Sources */ = {isa = PBXBuildFile; fileRef = 673BD7172BEED96100A6D002 /* UIViewController+Ext.swift */; };
/* End PBXBuildFile section */

/* Begin PBXContainerItemProxy section */
		673BD6C62BEBDF3000A6D002 /* PBXContainerItemProxy */ = {
			isa = PBXContainerItemProxy;
			containerPortal = 673BD6A72BEBDF2F00A6D002 /* Project object */;
			proxyType = 1;
			remoteGlobalIDString = 673BD6AE2BEBDF2F00A6D002;
			remoteInfo = YBSApp;
		};
		673BD6D02BEBDF3000A6D002 /* PBXContainerItemProxy */ = {
			isa = PBXContainerItemProxy;
			containerPortal = 673BD6A72BEBDF2F00A6D002 /* Project object */;
			proxyType = 1;
			remoteGlobalIDString = 673BD6AE2BEBDF2F00A6D002;
			remoteInfo = YBSApp;
		};
/* End PBXContainerItemProxy section */

/* Begin PBXFileReference section */
		673BD6AF2BEBDF2F00A6D002 /* YBSApp.app */ = {isa = PBXFileReference; explicitFileType = wrapper.application; includeInIndex = 0; path = YBSApp.app; sourceTree = BUILT_PRODUCTS_DIR; };
		673BD6B22BEBDF2F00A6D002 /* AppDelegate.swift */ = {isa = PBXFileReference; lastKnownFileType = sourcecode.swift; path = AppDelegate.swift; sourceTree = "<group>"; };
		673BD6B42BEBDF2F00A6D002 /* SceneDelegate.swift */ = {isa = PBXFileReference; lastKnownFileType = sourcecode.swift; path = SceneDelegate.swift; sourceTree = "<group>"; };
		673BD6B62BEBDF2F00A6D002 /* ViewController.swift */ = {isa = PBXFileReference; lastKnownFileType = sourcecode.swift; path = ViewController.swift; sourceTree = "<group>"; };
		673BD6BB2BEBDF2F00A6D002 /* Assets.xcassets */ = {isa = PBXFileReference; lastKnownFileType = folder.assetcatalog; path = Assets.xcassets; sourceTree = "<group>"; };
		673BD6BE2BEBDF2F00A6D002 /* Base */ = {isa = PBXFileReference; lastKnownFileType = file.storyboard; name = Base; path = Base.lproj/LaunchScreen.storyboard; sourceTree = "<group>"; };
		673BD6C02BEBDF2F00A6D002 /* Info.plist */ = {isa = PBXFileReference; lastKnownFileType = text.plist.xml; path = Info.plist; sourceTree = "<group>"; };
		673BD6C52BEBDF3000A6D002 /* YBSAppTests.xctest */ = {isa = PBXFileReference; explicitFileType = wrapper.cfbundle; includeInIndex = 0; path = YBSAppTests.xctest; sourceTree = BUILT_PRODUCTS_DIR; };
		673BD6C92BEBDF3000A6D002 /* YBSAppTests.swift */ = {isa = PBXFileReference; lastKnownFileType = sourcecode.swift; path = YBSAppTests.swift; sourceTree = "<group>"; };
		673BD6CF2BEBDF3000A6D002 /* YBSAppUITests.xctest */ = {isa = PBXFileReference; explicitFileType = wrapper.cfbundle; includeInIndex = 0; path = YBSAppUITests.xctest; sourceTree = BUILT_PRODUCTS_DIR; };
		673BD6D32BEBDF3000A6D002 /* YBSAppUITests.swift */ = {isa = PBXFileReference; lastKnownFileType = sourcecode.swift; path = YBSAppUITests.swift; sourceTree = "<group>"; };
		673BD6D52BEBDF3000A6D002 /* YBSAppUITestsLaunchTests.swift */ = {isa = PBXFileReference; lastKnownFileType = sourcecode.swift; path = YBSAppUITestsLaunchTests.swift; sourceTree = "<group>"; };
		673BD6E32BEBE73100A6D002 /* NetworkManager.swift */ = {isa = PBXFileReference; lastKnownFileType = sourcecode.swift; path = NetworkManager.swift; sourceTree = "<group>"; };
		673BD6E62BEBE7D000A6D002 /* Constants.swift */ = {isa = PBXFileReference; lastKnownFileType = sourcecode.swift; path = Constants.swift; sourceTree = "<group>"; };
		673BD6E82BEBE7F800A6D002 /* YBSError.swift */ = {isa = PBXFileReference; lastKnownFileType = sourcecode.swift; path = YBSError.swift; sourceTree = "<group>"; };
		673BD6EC2BEBEE3400A6D002 /* FlickrSearchResults.swift */ = {isa = PBXFileReference; lastKnownFileType = sourcecode.swift; path = FlickrSearchResults.swift; sourceTree = "<group>"; };
		673BD6EE2BEBEE7C00A6D002 /* FlickrPhoto.swift */ = {isa = PBXFileReference; lastKnownFileType = sourcecode.swift; path = FlickrPhoto.swift; sourceTree = "<group>"; };
		673BD6F02BEBEEAA00A6D002 /* Photos.swift */ = {isa = PBXFileReference; lastKnownFileType = sourcecode.swift; path = Photos.swift; sourceTree = "<group>"; };
		673BD6F22BED684F00A6D002 /* FlickrUserProfile.swift */ = {isa = PBXFileReference; lastKnownFileType = sourcecode.swift; path = FlickrUserProfile.swift; sourceTree = "<group>"; };
		673BD6F82BEE9A5F00A6D002 /* YBSCollectionView.swift */ = {isa = PBXFileReference; lastKnownFileType = sourcecode.swift; path = YBSCollectionView.swift; sourceTree = "<group>"; };
		673BD6FA2BEE9AFF00A6D002 /* AppLayout.swift */ = {isa = PBXFileReference; lastKnownFileType = sourcecode.swift; path = AppLayout.swift; sourceTree = "<group>"; };
		673BD6FE2BEEB81700A6D002 /* YBSCollectionViewCell.swift */ = {isa = PBXFileReference; lastKnownFileType = sourcecode.swift; path = YBSCollectionViewCell.swift; sourceTree = "<group>"; };
		673BD7012BEEB86500A6D002 /* YBSImageView.swift */ = {isa = PBXFileReference; lastKnownFileType = sourcecode.swift; path = YBSImageView.swift; sourceTree = "<group>"; };
		673BD7042BEEBD5100A6D002 /* YBSTitleLabel.swift */ = {isa = PBXFileReference; lastKnownFileType = sourcecode.swift; path = YBSTitleLabel.swift; sourceTree = "<group>"; };
		673BD7072BEECBD500A6D002 /* YBSLoadingAnimationVC.swift */ = {isa = PBXFileReference; lastKnownFileType = sourcecode.swift; path = YBSLoadingAnimationVC.swift; sourceTree = "<group>"; };
		673BD70A2BEECF9900A6D002 /* YBSContainerView.swift */ = {isa = PBXFileReference; lastKnownFileType = sourcecode.swift; path = YBSContainerView.swift; sourceTree = "<group>"; };
		673BD70D2BEECFE800A6D002 /* YBSAlertControllerVC.swift */ = {isa = PBXFileReference; lastKnownFileType = sourcecode.swift; path = YBSAlertControllerVC.swift; sourceTree = "<group>"; };
		673BD70F2BEED01700A6D002 /* YBSBodyLabel.swift */ = {isa = PBXFileReference; lastKnownFileType = sourcecode.swift; path = YBSBodyLabel.swift; sourceTree = "<group>"; };
		673BD7122BEED1B900A6D002 /* YBSButton.swift */ = {isa = PBXFileReference; lastKnownFileType = sourcecode.swift; path = YBSButton.swift; sourceTree = "<group>"; };
		673BD7152BEED70E00A6D002 /* UIView+Ext.swift */ = {isa = PBXFileReference; lastKnownFileType = sourcecode.swift; path = "UIView+Ext.swift"; sourceTree = "<group>"; };
		673BD7172BEED96100A6D002 /* UIViewController+Ext.swift */ = {isa = PBXFileReference; lastKnownFileType = sourcecode.swift; path = "UIViewController+Ext.swift"; sourceTree = "<group>"; };
/* End PBXFileReference section */

/* Begin PBXFrameworksBuildPhase section */
		673BD6AC2BEBDF2F00A6D002 /* Frameworks */ = {
			isa = PBXFrameworksBuildPhase;
			buildActionMask = 2147483647;
			files = (
			);
			runOnlyForDeploymentPostprocessing = 0;
		};
		673BD6C22BEBDF3000A6D002 /* Frameworks */ = {
			isa = PBXFrameworksBuildPhase;
			buildActionMask = 2147483647;
			files = (
			);
			runOnlyForDeploymentPostprocessing = 0;
		};
		673BD6CC2BEBDF3000A6D002 /* Frameworks */ = {
			isa = PBXFrameworksBuildPhase;
			buildActionMask = 2147483647;
			files = (
			);
			runOnlyForDeploymentPostprocessing = 0;
		};
/* End PBXFrameworksBuildPhase section */

/* Begin PBXGroup section */
		673BD6A62BEBDF2F00A6D002 = {
			isa = PBXGroup;
			children = (
				673BD6B12BEBDF2F00A6D002 /* YBSApp */,
				673BD6C82BEBDF3000A6D002 /* YBSAppTests */,
				673BD6D22BEBDF3000A6D002 /* YBSAppUITests */,
				673BD6B02BEBDF2F00A6D002 /* Products */,
			);
			sourceTree = "<group>";
		};
		673BD6B02BEBDF2F00A6D002 /* Products */ = {
			isa = PBXGroup;
			children = (
				673BD6AF2BEBDF2F00A6D002 /* YBSApp.app */,
				673BD6C52BEBDF3000A6D002 /* YBSAppTests.xctest */,
				673BD6CF2BEBDF3000A6D002 /* YBSAppUITests.xctest */,
			);
			name = Products;
			sourceTree = "<group>";
		};
		673BD6B12BEBDF2F00A6D002 /* YBSApp */ = {
			isa = PBXGroup;
			children = (
				673BD7142BEED6EF00A6D002 /* Extensions */,
				673BD6E52BEBE7BD00A6D002 /* Utilities */,
				673BD6E22BEBDF9D00A6D002 /* Support */,
				673BD6EB2BEBEE0F00A6D002 /* Manager */,
				673BD6EA2BEBEE0900A6D002 /* Model */,
				673BD6F72BEE9A1200A6D002 /* CustomViews */,
				673BD6F62BEE82D100A6D002 /* Screens */,
				673BD6C02BEBDF2F00A6D002 /* Info.plist */,
			);
			path = YBSApp;
			sourceTree = "<group>";
		};
		673BD6C82BEBDF3000A6D002 /* YBSAppTests */ = {
			isa = PBXGroup;
			children = (
				673BD6C92BEBDF3000A6D002 /* YBSAppTests.swift */,
			);
			path = YBSAppTests;
			sourceTree = "<group>";
		};
		673BD6D22BEBDF3000A6D002 /* YBSAppUITests */ = {
			isa = PBXGroup;
			children = (
				673BD6D32BEBDF3000A6D002 /* YBSAppUITests.swift */,
				673BD6D52BEBDF3000A6D002 /* YBSAppUITestsLaunchTests.swift */,
			);
			path = YBSAppUITests;
			sourceTree = "<group>";
		};
		673BD6E22BEBDF9D00A6D002 /* Support */ = {
			isa = PBXGroup;
			children = (
				673BD6B22BEBDF2F00A6D002 /* AppDelegate.swift */,
				673BD6B42BEBDF2F00A6D002 /* SceneDelegate.swift */,
				673BD6BB2BEBDF2F00A6D002 /* Assets.xcassets */,
				673BD6BD2BEBDF2F00A6D002 /* LaunchScreen.storyboard */,
			);
			path = Support;
			sourceTree = "<group>";
		};
		673BD6E52BEBE7BD00A6D002 /* Utilities */ = {
			isa = PBXGroup;
			children = (
				673BD6E62BEBE7D000A6D002 /* Constants.swift */,
				673BD6E82BEBE7F800A6D002 /* YBSError.swift */,
				673BD6FA2BEE9AFF00A6D002 /* AppLayout.swift */,
			);
			path = Utilities;
			sourceTree = "<group>";
		};
		673BD6EA2BEBEE0900A6D002 /* Model */ = {
			isa = PBXGroup;
			children = (
				673BD6EC2BEBEE3400A6D002 /* FlickrSearchResults.swift */,
				673BD6EE2BEBEE7C00A6D002 /* FlickrPhoto.swift */,
				673BD6F02BEBEEAA00A6D002 /* Photos.swift */,
				673BD6F22BED684F00A6D002 /* FlickrUserProfile.swift */,
			);
			path = Model;
			sourceTree = "<group>";
		};
		673BD6EB2BEBEE0F00A6D002 /* Manager */ = {
			isa = PBXGroup;
			children = (
				673BD6E32BEBE73100A6D002 /* NetworkManager.swift */,
			);
			path = Manager;
			sourceTree = "<group>";
		};
		673BD6F62BEE82D100A6D002 /* Screens */ = {
			isa = PBXGroup;
			children = (
				673BD6B62BEBDF2F00A6D002 /* ViewController.swift */,
			);
			path = Screens;
			sourceTree = "<group>";
		};
		673BD6F72BEE9A1200A6D002 /* CustomViews */ = {
			isa = PBXGroup;
			children = (
				673BD7112BEED12300A6D002 /* Buttons */,
				673BD70C2BEECFB800A6D002 /* Views */,
				673BD7092BEECF7800A6D002 /* AlertControllers */,
				673BD7062BEECBC000A6D002 /* ViewControllers */,
				673BD7032BEEBD3600A6D002 /* Labels */,
				673BD7002BEEB85900A6D002 /* ImageViews */,
				673BD6FD2BEEB7F500A6D002 /* CollectionViewCells */,
				673BD6FC2BEEB7E800A6D002 /* CollectionView */,
			);
			path = CustomViews;
			sourceTree = "<group>";
		};
		673BD6FC2BEEB7E800A6D002 /* CollectionView */ = {
			isa = PBXGroup;
			children = (
				673BD6F82BEE9A5F00A6D002 /* YBSCollectionView.swift */,
			);
			path = CollectionView;
			sourceTree = "<group>";
		};
		673BD6FD2BEEB7F500A6D002 /* CollectionViewCells */ = {
			isa = PBXGroup;
			children = (
				673BD6FE2BEEB81700A6D002 /* YBSCollectionViewCell.swift */,
			);
			path = CollectionViewCells;
			sourceTree = "<group>";
		};
		673BD7002BEEB85900A6D002 /* ImageViews */ = {
			isa = PBXGroup;
			children = (
				673BD7012BEEB86500A6D002 /* YBSImageView.swift */,
			);
			path = ImageViews;
			sourceTree = "<group>";
		};
		673BD7032BEEBD3600A6D002 /* Labels */ = {
			isa = PBXGroup;
			children = (
				673BD7042BEEBD5100A6D002 /* YBSTitleLabel.swift */,
				673BD70F2BEED01700A6D002 /* YBSBodyLabel.swift */,
			);
			path = Labels;
			sourceTree = "<group>";
		};
		673BD7062BEECBC000A6D002 /* ViewControllers */ = {
			isa = PBXGroup;
			children = (
				673BD7072BEECBD500A6D002 /* YBSLoadingAnimationVC.swift */,
			);
			path = ViewControllers;
			sourceTree = "<group>";
		};
		673BD7092BEECF7800A6D002 /* AlertControllers */ = {
			isa = PBXGroup;
			children = (
				673BD70D2BEECFE800A6D002 /* YBSAlertControllerVC.swift */,
			);
			path = AlertControllers;
			sourceTree = "<group>";
		};
		673BD70C2BEECFB800A6D002 /* Views */ = {
			isa = PBXGroup;
			children = (
				673BD70A2BEECF9900A6D002 /* YBSContainerView.swift */,
			);
			path = Views;
			sourceTree = "<group>";
		};
		673BD7112BEED12300A6D002 /* Buttons */ = {
			isa = PBXGroup;
			children = (
				673BD7122BEED1B900A6D002 /* YBSButton.swift */,
			);
			path = Buttons;
			sourceTree = "<group>";
		};
		673BD7142BEED6EF00A6D002 /* Extensions */ = {
			isa = PBXGroup;
			children = (
				673BD7152BEED70E00A6D002 /* UIView+Ext.swift */,
				673BD7172BEED96100A6D002 /* UIViewController+Ext.swift */,
			);
			path = Extensions;
			sourceTree = "<group>";
		};
/* End PBXGroup section */

/* Begin PBXNativeTarget section */
		673BD6AE2BEBDF2F00A6D002 /* YBSApp */ = {
			isa = PBXNativeTarget;
			buildConfigurationList = 673BD6D92BEBDF3000A6D002 /* Build configuration list for PBXNativeTarget "YBSApp" */;
			buildPhases = (
				673BD6AB2BEBDF2F00A6D002 /* Sources */,
				673BD6AC2BEBDF2F00A6D002 /* Frameworks */,
				673BD6AD2BEBDF2F00A6D002 /* Resources */,
			);
			buildRules = (
			);
			dependencies = (
			);
			name = YBSApp;
			productName = YBSApp;
			productReference = 673BD6AF2BEBDF2F00A6D002 /* YBSApp.app */;
			productType = "com.apple.product-type.application";
		};
		673BD6C42BEBDF3000A6D002 /* YBSAppTests */ = {
			isa = PBXNativeTarget;
			buildConfigurationList = 673BD6DC2BEBDF3000A6D002 /* Build configuration list for PBXNativeTarget "YBSAppTests" */;
			buildPhases = (
				673BD6C12BEBDF3000A6D002 /* Sources */,
				673BD6C22BEBDF3000A6D002 /* Frameworks */,
				673BD6C32BEBDF3000A6D002 /* Resources */,
			);
			buildRules = (
			);
			dependencies = (
				673BD6C72BEBDF3000A6D002 /* PBXTargetDependency */,
			);
			name = YBSAppTests;
			productName = YBSAppTests;
			productReference = 673BD6C52BEBDF3000A6D002 /* YBSAppTests.xctest */;
			productType = "com.apple.product-type.bundle.unit-test";
		};
		673BD6CE2BEBDF3000A6D002 /* YBSAppUITests */ = {
			isa = PBXNativeTarget;
			buildConfigurationList = 673BD6DF2BEBDF3000A6D002 /* Build configuration list for PBXNativeTarget "YBSAppUITests" */;
			buildPhases = (
				673BD6CB2BEBDF3000A6D002 /* Sources */,
				673BD6CC2BEBDF3000A6D002 /* Frameworks */,
				673BD6CD2BEBDF3000A6D002 /* Resources */,
			);
			buildRules = (
			);
			dependencies = (
				673BD6D12BEBDF3000A6D002 /* PBXTargetDependency */,
			);
			name = YBSAppUITests;
			productName = YBSAppUITests;
			productReference = 673BD6CF2BEBDF3000A6D002 /* YBSAppUITests.xctest */;
			productType = "com.apple.product-type.bundle.ui-testing";
		};
/* End PBXNativeTarget section */

/* Begin PBXProject section */
		673BD6A72BEBDF2F00A6D002 /* Project object */ = {
			isa = PBXProject;
			attributes = {
				BuildIndependentTargetsInParallel = 1;
				LastSwiftUpdateCheck = 1530;
				LastUpgradeCheck = 1530;
				TargetAttributes = {
					673BD6AE2BEBDF2F00A6D002 = {
						CreatedOnToolsVersion = 15.3;
					};
					673BD6C42BEBDF3000A6D002 = {
						CreatedOnToolsVersion = 15.3;
						TestTargetID = 673BD6AE2BEBDF2F00A6D002;
					};
					673BD6CE2BEBDF3000A6D002 = {
						CreatedOnToolsVersion = 15.3;
						TestTargetID = 673BD6AE2BEBDF2F00A6D002;
					};
				};
			};
			buildConfigurationList = 673BD6AA2BEBDF2F00A6D002 /* Build configuration list for PBXProject "YBSApp" */;
			compatibilityVersion = "Xcode 14.0";
			developmentRegion = en;
			hasScannedForEncodings = 0;
			knownRegions = (
				en,
				Base,
			);
			mainGroup = 673BD6A62BEBDF2F00A6D002;
			productRefGroup = 673BD6B02BEBDF2F00A6D002 /* Products */;
			projectDirPath = "";
			projectRoot = "";
			targets = (
				673BD6AE2BEBDF2F00A6D002 /* YBSApp */,
				673BD6C42BEBDF3000A6D002 /* YBSAppTests */,
				673BD6CE2BEBDF3000A6D002 /* YBSAppUITests */,
			);
		};
/* End PBXProject section */

/* Begin PBXResourcesBuildPhase section */
		673BD6AD2BEBDF2F00A6D002 /* Resources */ = {
			isa = PBXResourcesBuildPhase;
			buildActionMask = 2147483647;
			files = (
				673BD6BC2BEBDF2F00A6D002 /* Assets.xcassets in Resources */,
				673BD6BF2BEBDF2F00A6D002 /* Base in Resources */,
			);
			runOnlyForDeploymentPostprocessing = 0;
		};
		673BD6C32BEBDF3000A6D002 /* Resources */ = {
			isa = PBXResourcesBuildPhase;
			buildActionMask = 2147483647;
			files = (
			);
			runOnlyForDeploymentPostprocessing = 0;
		};
		673BD6CD2BEBDF3000A6D002 /* Resources */ = {
			isa = PBXResourcesBuildPhase;
			buildActionMask = 2147483647;
			files = (
			);
			runOnlyForDeploymentPostprocessing = 0;
		};
/* End PBXResourcesBuildPhase section */

/* Begin PBXSourcesBuildPhase section */
		673BD6AB2BEBDF2F00A6D002 /* Sources */ = {
			isa = PBXSourcesBuildPhase;
			buildActionMask = 2147483647;
			files = (
				673BD6F12BEBEEAA00A6D002 /* Photos.swift in Sources */,
				673BD7132BEED1B900A6D002 /* YBSButton.swift in Sources */,
				673BD6FB2BEE9AFF00A6D002 /* AppLayout.swift in Sources */,
				673BD70B2BEECF9900A6D002 /* YBSContainerView.swift in Sources */,
				673BD7182BEED96100A6D002 /* UIViewController+Ext.swift in Sources */,
				673BD6E72BEBE7D000A6D002 /* Constants.swift in Sources */,
				673BD6EF2BEBEE7C00A6D002 /* FlickrPhoto.swift in Sources */,
				673BD6E92BEBE7F800A6D002 /* YBSError.swift in Sources */,
				673BD6E42BEBE73100A6D002 /* NetworkManager.swift in Sources */,
				673BD6F32BED684F00A6D002 /* FlickrUserProfile.swift in Sources */,
				673BD70E2BEECFE800A6D002 /* YBSAlertControllerVC.swift in Sources */,
				673BD6ED2BEBEE3400A6D002 /* FlickrSearchResults.swift in Sources */,
				673BD7162BEED70E00A6D002 /* UIView+Ext.swift in Sources */,
				673BD6B72BEBDF2F00A6D002 /* ViewController.swift in Sources */,
				673BD6B32BEBDF2F00A6D002 /* AppDelegate.swift in Sources */,
				673BD7102BEED01700A6D002 /* YBSBodyLabel.swift in Sources */,
				673BD7082BEECBD500A6D002 /* YBSLoadingAnimationVC.swift in Sources */,
				673BD6B52BEBDF2F00A6D002 /* SceneDelegate.swift in Sources */,
				673BD7022BEEB86500A6D002 /* YBSImageView.swift in Sources */,
				673BD6F92BEE9A5F00A6D002 /* YBSCollectionView.swift in Sources */,
				673BD7052BEEBD5100A6D002 /* YBSTitleLabel.swift in Sources */,
				673BD6FF2BEEB81700A6D002 /* YBSCollectionViewCell.swift in Sources */,
			);
			runOnlyForDeploymentPostprocessing = 0;
		};
		673BD6C12BEBDF3000A6D002 /* Sources */ = {
			isa = PBXSourcesBuildPhase;
			buildActionMask = 2147483647;
			files = (
				673BD6CA2BEBDF3000A6D002 /* YBSAppTests.swift in Sources */,
			);
			runOnlyForDeploymentPostprocessing = 0;
		};
		673BD6CB2BEBDF3000A6D002 /* Sources */ = {
			isa = PBXSourcesBuildPhase;
			buildActionMask = 2147483647;
			files = (
				673BD6D42BEBDF3000A6D002 /* YBSAppUITests.swift in Sources */,
				673BD6D62BEBDF3000A6D002 /* YBSAppUITestsLaunchTests.swift in Sources */,
			);
			runOnlyForDeploymentPostprocessing = 0;
		};
/* End PBXSourcesBuildPhase section */

/* Begin PBXTargetDependency section */
		673BD6C72BEBDF3000A6D002 /* PBXTargetDependency */ = {
			isa = PBXTargetDependency;
			target = 673BD6AE2BEBDF2F00A6D002 /* YBSApp */;
			targetProxy = 673BD6C62BEBDF3000A6D002 /* PBXContainerItemProxy */;
		};
		673BD6D12BEBDF3000A6D002 /* PBXTargetDependency */ = {
			isa = PBXTargetDependency;
			target = 673BD6AE2BEBDF2F00A6D002 /* YBSApp */;
			targetProxy = 673BD6D02BEBDF3000A6D002 /* PBXContainerItemProxy */;
		};
/* End PBXTargetDependency section */

/* Begin PBXVariantGroup section */
		673BD6BD2BEBDF2F00A6D002 /* LaunchScreen.storyboard */ = {
			isa = PBXVariantGroup;
			children = (
				673BD6BE2BEBDF2F00A6D002 /* Base */,
			);
			name = LaunchScreen.storyboard;
			sourceTree = "<group>";
		};
/* End PBXVariantGroup section */

/* Begin XCBuildConfiguration section */
		673BD6D72BEBDF3000A6D002 /* Debug */ = {
			isa = XCBuildConfiguration;
			buildSettings = {
				ALWAYS_SEARCH_USER_PATHS = NO;
				ASSETCATALOG_COMPILER_GENERATE_SWIFT_ASSET_SYMBOL_EXTENSIONS = YES;
				CLANG_ANALYZER_NONNULL = YES;
				CLANG_ANALYZER_NUMBER_OBJECT_CONVERSION = YES_AGGRESSIVE;
				CLANG_CXX_LANGUAGE_STANDARD = "gnu++20";
				CLANG_ENABLE_MODULES = YES;
				CLANG_ENABLE_OBJC_ARC = YES;
				CLANG_ENABLE_OBJC_WEAK = YES;
				CLANG_WARN_BLOCK_CAPTURE_AUTORELEASING = YES;
				CLANG_WARN_BOOL_CONVERSION = YES;
				CLANG_WARN_COMMA = YES;
				CLANG_WARN_CONSTANT_CONVERSION = YES;
				CLANG_WARN_DEPRECATED_OBJC_IMPLEMENTATIONS = YES;
				CLANG_WARN_DIRECT_OBJC_ISA_USAGE = YES_ERROR;
				CLANG_WARN_DOCUMENTATION_COMMENTS = YES;
				CLANG_WARN_EMPTY_BODY = YES;
				CLANG_WARN_ENUM_CONVERSION = YES;
				CLANG_WARN_INFINITE_RECURSION = YES;
				CLANG_WARN_INT_CONVERSION = YES;
				CLANG_WARN_NON_LITERAL_NULL_CONVERSION = YES;
				CLANG_WARN_OBJC_IMPLICIT_RETAIN_SELF = YES;
				CLANG_WARN_OBJC_LITERAL_CONVERSION = YES;
				CLANG_WARN_OBJC_ROOT_CLASS = YES_ERROR;
				CLANG_WARN_QUOTED_INCLUDE_IN_FRAMEWORK_HEADER = YES;
				CLANG_WARN_RANGE_LOOP_ANALYSIS = YES;
				CLANG_WARN_STRICT_PROTOTYPES = YES;
				CLANG_WARN_SUSPICIOUS_MOVE = YES;
				CLANG_WARN_UNGUARDED_AVAILABILITY = YES_AGGRESSIVE;
				CLANG_WARN_UNREACHABLE_CODE = YES;
				CLANG_WARN__DUPLICATE_METHOD_MATCH = YES;
				COPY_PHASE_STRIP = NO;
				DEBUG_INFORMATION_FORMAT = dwarf;
				ENABLE_STRICT_OBJC_MSGSEND = YES;
				ENABLE_TESTABILITY = YES;
				ENABLE_USER_SCRIPT_SANDBOXING = YES;
				GCC_C_LANGUAGE_STANDARD = gnu17;
				GCC_DYNAMIC_NO_PIC = NO;
				GCC_NO_COMMON_BLOCKS = YES;
				GCC_OPTIMIZATION_LEVEL = 0;
				GCC_PREPROCESSOR_DEFINITIONS = (
					"DEBUG=1",
					"$(inherited)",
				);
				GCC_WARN_64_TO_32_BIT_CONVERSION = YES;
				GCC_WARN_ABOUT_RETURN_TYPE = YES_ERROR;
				GCC_WARN_UNDECLARED_SELECTOR = YES;
				GCC_WARN_UNINITIALIZED_AUTOS = YES_AGGRESSIVE;
				GCC_WARN_UNUSED_FUNCTION = YES;
				GCC_WARN_UNUSED_VARIABLE = YES;
				IPHONEOS_DEPLOYMENT_TARGET = 17.4;
				LOCALIZATION_PREFERS_STRING_CATALOGS = YES;
				MTL_ENABLE_DEBUG_INFO = INCLUDE_SOURCE;
				MTL_FAST_MATH = YES;
				ONLY_ACTIVE_ARCH = YES;
				SDKROOT = iphoneos;
				SWIFT_ACTIVE_COMPILATION_CONDITIONS = "DEBUG $(inherited)";
				SWIFT_OPTIMIZATION_LEVEL = "-Onone";
			};
			name = Debug;
		};
		673BD6D82BEBDF3000A6D002 /* Release */ = {
			isa = XCBuildConfiguration;
			buildSettings = {
				ALWAYS_SEARCH_USER_PATHS = NO;
				ASSETCATALOG_COMPILER_GENERATE_SWIFT_ASSET_SYMBOL_EXTENSIONS = YES;
				CLANG_ANALYZER_NONNULL = YES;
				CLANG_ANALYZER_NUMBER_OBJECT_CONVERSION = YES_AGGRESSIVE;
				CLANG_CXX_LANGUAGE_STANDARD = "gnu++20";
				CLANG_ENABLE_MODULES = YES;
				CLANG_ENABLE_OBJC_ARC = YES;
				CLANG_ENABLE_OBJC_WEAK = YES;
				CLANG_WARN_BLOCK_CAPTURE_AUTORELEASING = YES;
				CLANG_WARN_BOOL_CONVERSION = YES;
				CLANG_WARN_COMMA = YES;
				CLANG_WARN_CONSTANT_CONVERSION = YES;
				CLANG_WARN_DEPRECATED_OBJC_IMPLEMENTATIONS = YES;
				CLANG_WARN_DIRECT_OBJC_ISA_USAGE = YES_ERROR;
				CLANG_WARN_DOCUMENTATION_COMMENTS = YES;
				CLANG_WARN_EMPTY_BODY = YES;
				CLANG_WARN_ENUM_CONVERSION = YES;
				CLANG_WARN_INFINITE_RECURSION = YES;
				CLANG_WARN_INT_CONVERSION = YES;
				CLANG_WARN_NON_LITERAL_NULL_CONVERSION = YES;
				CLANG_WARN_OBJC_IMPLICIT_RETAIN_SELF = YES;
				CLANG_WARN_OBJC_LITERAL_CONVERSION = YES;
				CLANG_WARN_OBJC_ROOT_CLASS = YES_ERROR;
				CLANG_WARN_QUOTED_INCLUDE_IN_FRAMEWORK_HEADER = YES;
				CLANG_WARN_RANGE_LOOP_ANALYSIS = YES;
				CLANG_WARN_STRICT_PROTOTYPES = YES;
				CLANG_WARN_SUSPICIOUS_MOVE = YES;
				CLANG_WARN_UNGUARDED_AVAILABILITY = YES_AGGRESSIVE;
				CLANG_WARN_UNREACHABLE_CODE = YES;
				CLANG_WARN__DUPLICATE_METHOD_MATCH = YES;
				COPY_PHASE_STRIP = NO;
				DEBUG_INFORMATION_FORMAT = "dwarf-with-dsym";
				ENABLE_NS_ASSERTIONS = NO;
				ENABLE_STRICT_OBJC_MSGSEND = YES;
				ENABLE_USER_SCRIPT_SANDBOXING = YES;
				GCC_C_LANGUAGE_STANDARD = gnu17;
				GCC_NO_COMMON_BLOCKS = YES;
				GCC_WARN_64_TO_32_BIT_CONVERSION = YES;
				GCC_WARN_ABOUT_RETURN_TYPE = YES_ERROR;
				GCC_WARN_UNDECLARED_SELECTOR = YES;
				GCC_WARN_UNINITIALIZED_AUTOS = YES_AGGRESSIVE;
				GCC_WARN_UNUSED_FUNCTION = YES;
				GCC_WARN_UNUSED_VARIABLE = YES;
				IPHONEOS_DEPLOYMENT_TARGET = 17.4;
				LOCALIZATION_PREFERS_STRING_CATALOGS = YES;
				MTL_ENABLE_DEBUG_INFO = NO;
				MTL_FAST_MATH = YES;
				SDKROOT = iphoneos;
				SWIFT_COMPILATION_MODE = wholemodule;
				VALIDATE_PRODUCT = YES;
			};
			name = Release;
		};
		673BD6DA2BEBDF3000A6D002 /* Debug */ = {
			isa = XCBuildConfiguration;
			buildSettings = {
				ASSETCATALOG_COMPILER_APPICON_NAME = AppIcon;
				ASSETCATALOG_COMPILER_GLOBAL_ACCENT_COLOR_NAME = AccentColor;
				CODE_SIGN_STYLE = Automatic;
				CURRENT_PROJECT_VERSION = 1;
				DEVELOPMENT_TEAM = 68Z27E7S2D;
				GENERATE_INFOPLIST_FILE = YES;
				INFOPLIST_FILE = YBSApp/Info.plist;
				INFOPLIST_KEY_UIApplicationSupportsIndirectInputEvents = YES;
				INFOPLIST_KEY_UILaunchStoryboardName = LaunchScreen;
				INFOPLIST_KEY_UISupportedInterfaceOrientations_iPad = "UIInterfaceOrientationPortrait UIInterfaceOrientationPortraitUpsideDown UIInterfaceOrientationLandscapeLeft UIInterfaceOrientationLandscapeRight";
				INFOPLIST_KEY_UISupportedInterfaceOrientations_iPhone = "UIInterfaceOrientationPortrait UIInterfaceOrientationLandscapeLeft UIInterfaceOrientationLandscapeRight";
				LD_RUNPATH_SEARCH_PATHS = (
					"$(inherited)",
					"@executable_path/Frameworks",
				);
				MARKETING_VERSION = 1.0;
				PRODUCT_BUNDLE_IDENTIFIER = com.YBSApp;
				PRODUCT_NAME = "$(TARGET_NAME)";
				SWIFT_EMIT_LOC_STRINGS = YES;
				SWIFT_VERSION = 5.0;
				TARGETED_DEVICE_FAMILY = "1,2";
			};
			name = Debug;
		};
		673BD6DB2BEBDF3000A6D002 /* Release */ = {
			isa = XCBuildConfiguration;
			buildSettings = {
				ASSETCATALOG_COMPILER_APPICON_NAME = AppIcon;
				ASSETCATALOG_COMPILER_GLOBAL_ACCENT_COLOR_NAME = AccentColor;
				CODE_SIGN_STYLE = Automatic;
				CURRENT_PROJECT_VERSION = 1;
				DEVELOPMENT_TEAM = 68Z27E7S2D;
				GENERATE_INFOPLIST_FILE = YES;
				INFOPLIST_FILE = YBSApp/Info.plist;
				INFOPLIST_KEY_UIApplicationSupportsIndirectInputEvents = YES;
				INFOPLIST_KEY_UILaunchStoryboardName = LaunchScreen;
				INFOPLIST_KEY_UISupportedInterfaceOrientations_iPad = "UIInterfaceOrientationPortrait UIInterfaceOrientationPortraitUpsideDown UIInterfaceOrientationLandscapeLeft UIInterfaceOrientationLandscapeRight";
				INFOPLIST_KEY_UISupportedInterfaceOrientations_iPhone = "UIInterfaceOrientationPortrait UIInterfaceOrientationLandscapeLeft UIInterfaceOrientationLandscapeRight";
				LD_RUNPATH_SEARCH_PATHS = (
					"$(inherited)",
					"@executable_path/Frameworks",
				);
				MARKETING_VERSION = 1.0;
				PRODUCT_BUNDLE_IDENTIFIER = com.YBSApp;
				PRODUCT_NAME = "$(TARGET_NAME)";
				SWIFT_EMIT_LOC_STRINGS = YES;
				SWIFT_VERSION = 5.0;
				TARGETED_DEVICE_FAMILY = "1,2";
			};
			name = Release;
		};
		673BD6DD2BEBDF3000A6D002 /* Debug */ = {
			isa = XCBuildConfiguration;
			buildSettings = {
				ALWAYS_EMBED_SWIFT_STANDARD_LIBRARIES = YES;
				BUNDLE_LOADER = "$(TEST_HOST)";
				CODE_SIGN_STYLE = Automatic;
				CURRENT_PROJECT_VERSION = 1;
				DEVELOPMENT_TEAM = 68Z27E7S2D;
				GENERATE_INFOPLIST_FILE = YES;
				IPHONEOS_DEPLOYMENT_TARGET = 17.4;
				MARKETING_VERSION = 1.0;
				PRODUCT_BUNDLE_IDENTIFIER = com.YBSAppTests;
				PRODUCT_NAME = "$(TARGET_NAME)";
				SWIFT_EMIT_LOC_STRINGS = NO;
				SWIFT_VERSION = 5.0;
				TARGETED_DEVICE_FAMILY = "1,2";
				TEST_HOST = "$(BUILT_PRODUCTS_DIR)/YBSApp.app/$(BUNDLE_EXECUTABLE_FOLDER_PATH)/YBSApp";
			};
			name = Debug;
		};
		673BD6DE2BEBDF3000A6D002 /* Release */ = {
			isa = XCBuildConfiguration;
			buildSettings = {
				ALWAYS_EMBED_SWIFT_STANDARD_LIBRARIES = YES;
				BUNDLE_LOADER = "$(TEST_HOST)";
				CODE_SIGN_STYLE = Automatic;
				CURRENT_PROJECT_VERSION = 1;
				DEVELOPMENT_TEAM = 68Z27E7S2D;
				GENERATE_INFOPLIST_FILE = YES;
				IPHONEOS_DEPLOYMENT_TARGET = 17.4;
				MARKETING_VERSION = 1.0;
				PRODUCT_BUNDLE_IDENTIFIER = com.YBSAppTests;
				PRODUCT_NAME = "$(TARGET_NAME)";
				SWIFT_EMIT_LOC_STRINGS = NO;
				SWIFT_VERSION = 5.0;
				TARGETED_DEVICE_FAMILY = "1,2";
				TEST_HOST = "$(BUILT_PRODUCTS_DIR)/YBSApp.app/$(BUNDLE_EXECUTABLE_FOLDER_PATH)/YBSApp";
			};
			name = Release;
		};
		673BD6E02BEBDF3000A6D002 /* Debug */ = {
			isa = XCBuildConfiguration;
			buildSettings = {
				ALWAYS_EMBED_SWIFT_STANDARD_LIBRARIES = YES;
				CODE_SIGN_STYLE = Automatic;
				CURRENT_PROJECT_VERSION = 1;
				DEVELOPMENT_TEAM = 68Z27E7S2D;
				GENERATE_INFOPLIST_FILE = YES;
				MARKETING_VERSION = 1.0;
				PRODUCT_BUNDLE_IDENTIFIER = com.YBSAppUITests;
				PRODUCT_NAME = "$(TARGET_NAME)";
				SWIFT_EMIT_LOC_STRINGS = NO;
				SWIFT_VERSION = 5.0;
				TARGETED_DEVICE_FAMILY = "1,2";
				TEST_TARGET_NAME = YBSApp;
			};
			name = Debug;
		};
		673BD6E12BEBDF3000A6D002 /* Release */ = {
			isa = XCBuildConfiguration;
			buildSettings = {
				ALWAYS_EMBED_SWIFT_STANDARD_LIBRARIES = YES;
				CODE_SIGN_STYLE = Automatic;
				CURRENT_PROJECT_VERSION = 1;
				DEVELOPMENT_TEAM = 68Z27E7S2D;
				GENERATE_INFOPLIST_FILE = YES;
				MARKETING_VERSION = 1.0;
				PRODUCT_BUNDLE_IDENTIFIER = com.YBSAppUITests;
				PRODUCT_NAME = "$(TARGET_NAME)";
				SWIFT_EMIT_LOC_STRINGS = NO;
				SWIFT_VERSION = 5.0;
				TARGETED_DEVICE_FAMILY = "1,2";
				TEST_TARGET_NAME = YBSApp;
			};
			name = Release;
		};
/* End XCBuildConfiguration section */

/* Begin XCConfigurationList section */
		673BD6AA2BEBDF2F00A6D002 /* Build configuration list for PBXProject "YBSApp" */ = {
			isa = XCConfigurationList;
			buildConfigurations = (
				673BD6D72BEBDF3000A6D002 /* Debug */,
				673BD6D82BEBDF3000A6D002 /* Release */,
			);
			defaultConfigurationIsVisible = 0;
			defaultConfigurationName = Release;
		};
		673BD6D92BEBDF3000A6D002 /* Build configuration list for PBXNativeTarget "YBSApp" */ = {
			isa = XCConfigurationList;
			buildConfigurations = (
				673BD6DA2BEBDF3000A6D002 /* Debug */,
				673BD6DB2BEBDF3000A6D002 /* Release */,
			);
			defaultConfigurationIsVisible = 0;
			defaultConfigurationName = Release;
		};
		673BD6DC2BEBDF3000A6D002 /* Build configuration list for PBXNativeTarget "YBSAppTests" */ = {
			isa = XCConfigurationList;
			buildConfigurations = (
				673BD6DD2BEBDF3000A6D002 /* Debug */,
				673BD6DE2BEBDF3000A6D002 /* Release */,
			);
			defaultConfigurationIsVisible = 0;
			defaultConfigurationName = Release;
		};
		673BD6DF2BEBDF3000A6D002 /* Build configuration list for PBXNativeTarget "YBSAppUITests" */ = {
			isa = XCConfigurationList;
			buildConfigurations = (
				673BD6E02BEBDF3000A6D002 /* Debug */,
				673BD6E12BEBDF3000A6D002 /* Release */,
			);
			defaultConfigurationIsVisible = 0;
			defaultConfigurationName = Release;
		};
/* End XCConfigurationList section */
	};
	rootObject = 673BD6A72BEBDF2F00A6D002 /* Project object */;
}
